
Microsoft Visual Studio Solution File, Format Version 12.00
# Visual Studio 15
VisualStudioVersion = 15.0.28010.2036
MinimumVisualStudioVersion = 10.0.40219.1
Project("{FAE04EC0-301F-11D3-BF4B-00C04F79EFBC}") = "Task_CISFrequency", "Task_CISFrequency\Task_CISFrequency.csproj", "{409955F5-B871-40B6-9FBD-D0C60382029D}"
EndProject
Global
	GlobalSection(SolutionConfigurationPlatforms) = preSolution
		Debug|Any CPU = Debug|Any CPU
		Release|Any CPU = Release|Any CPU
	EndGlobalSection
	GlobalSection(ProjectConfigurationPlatforms) = postSolution
		{409955F5-B871-40B6-9FBD-D0C60382029D}.Debug|Any CPU.ActiveCfg = Debug|Any CPU
		{409955F5-B871-40B6-9FBD-D0C60382029D}.Debug|Any CPU.Build.0 = Debug|Any CPU
		{409955F5-B871-40B6-9FBD-D0C60382029D}.Release|Any CPU.ActiveCfg = Release|Any CPU
		{409955F5-B871-40B6-9FBD-D0C60382029D}.Release|Any CPU.Build.0 = Release|Any CPU
	EndGlobalSection
	GlobalSection(SolutionProperties) = preSolution
		HideSolutionNode = FALSE
	EndGlobalSection
	GlobalSection(ExtensibilityGlobals) = postSolution
		SolutionGuid = {F496B8FC-EF52-4988-90DD-C60E843BBC4C}
	EndGlobalSection
EndGlobal
